// !$*UTF8*$!
{
	archiveVersion = 1;
	classes = {
	};
	objectVersion = 50;
	objects = {

/* Begin PBXBuildFile section */
		2628425521FE4F19001F9F67 /* AttackView.swift in Sources */ = {isa = PBXBuildFile; fileRef = 2628425421FE4F19001F9F67 /* AttackView.swift */; };
		2628425721FE5C24001F9F67 /* AttackView.xib in Resources */ = {isa = PBXBuildFile; fileRef = 2628425621FE5C24001F9F67 /* AttackView.xib */; };
		2628425921FE62DA001F9F67 /* NibLoadable.swift in Sources */ = {isa = PBXBuildFile; fileRef = 2628425821FE62DA001F9F67 /* NibLoadable.swift */; };
		2649C8D421DDDBB3003C88B4 /* AppDelegate.swift in Sources */ = {isa = PBXBuildFile; fileRef = 2649C8D321DDDBB3003C88B4 /* AppDelegate.swift */; };
		2649C8D821DDDBB3003C88B4 /* ViewController.swift in Sources */ = {isa = PBXBuildFile; fileRef = 2649C8D721DDDBB3003C88B4 /* ViewController.swift */; };
		2649C8DB21DDDBB3003C88B4 /* Main.storyboard in Resources */ = {isa = PBXBuildFile; fileRef = 2649C8D921DDDBB3003C88B4 /* Main.storyboard */; };
		2649C8DD21DDDBB5003C88B4 /* Assets.xcassets in Resources */ = {isa = PBXBuildFile; fileRef = 2649C8DC21DDDBB5003C88B4 /* Assets.xcassets */; };
		2649C8E021DDDBB5003C88B4 /* LaunchScreen.storyboard in Resources */ = {isa = PBXBuildFile; fileRef = 2649C8DE21DDDBB5003C88B4 /* LaunchScreen.storyboard */; };
		2649C8E821DDDC85003C88B4 /* SceneKit.scnassets in Resources */ = {isa = PBXBuildFile; fileRef = 2649C8E721DDDC85003C88B4 /* SceneKit.scnassets */; };
		26CAD5E421E126A5006063B5 /* Character.swift in Sources */ = {isa = PBXBuildFile; fileRef = 26CAD5E321E126A5006063B5 /* Character.swift */; };
		26DD72B421E00B93005B7AED /* CharacterInfo.sks in Resources */ = {isa = PBXBuildFile; fileRef = 26DD72B321E00B93005B7AED /* CharacterInfo.sks */; };
		26DD72B621E015C4005B7AED /* StatsRound.sks in Resources */ = {isa = PBXBuildFile; fileRef = 26DD72B521E015C4005B7AED /* StatsRound.sks */; };
		26DD72B821E01EBE005B7AED /* Stats.sks in Resources */ = {isa = PBXBuildFile; fileRef = 26DD72B721E01EBE005B7AED /* Stats.sks */; };
/* End PBXBuildFile section */

/* Begin PBXFileReference section */
		2628425421FE4F19001F9F67 /* AttackView.swift */ = {isa = PBXFileReference; lastKnownFileType = sourcecode.swift; path = AttackView.swift; sourceTree = "<group>"; };
		2628425621FE5C24001F9F67 /* AttackView.xib */ = {isa = PBXFileReference; lastKnownFileType = file.xib; path = AttackView.xib; sourceTree = "<group>"; };
		2628425821FE62DA001F9F67 /* NibLoadable.swift */ = {isa = PBXFileReference; lastKnownFileType = sourcecode.swift; path = NibLoadable.swift; sourceTree = "<group>"; };
		2649C8D021DDDBB3003C88B4 /* wARgaming.app */ = {isa = PBXFileReference; explicitFileType = wrapper.application; includeInIndex = 0; path = wARgaming.app; sourceTree = BUILT_PRODUCTS_DIR; };
		2649C8D321DDDBB3003C88B4 /* AppDelegate.swift */ = {isa = PBXFileReference; lastKnownFileType = sourcecode.swift; path = AppDelegate.swift; sourceTree = "<group>"; };
		2649C8D721DDDBB3003C88B4 /* ViewController.swift */ = {isa = PBXFileReference; lastKnownFileType = sourcecode.swift; path = ViewController.swift; sourceTree = "<group>"; };
		2649C8DA21DDDBB3003C88B4 /* Base */ = {isa = PBXFileReference; lastKnownFileType = file.storyboard; name = Base; path = Base.lproj/Main.storyboard; sourceTree = "<group>"; };
		2649C8DC21DDDBB5003C88B4 /* Assets.xcassets */ = {isa = PBXFileReference; lastKnownFileType = folder.assetcatalog; path = Assets.xcassets; sourceTree = "<group>"; };
		2649C8DF21DDDBB5003C88B4 /* Base */ = {isa = PBXFileReference; lastKnownFileType = file.storyboard; name = Base; path = Base.lproj/LaunchScreen.storyboard; sourceTree = "<group>"; };
		2649C8E121DDDBB5003C88B4 /* Info.plist */ = {isa = PBXFileReference; lastKnownFileType = text.plist.xml; path = Info.plist; sourceTree = "<group>"; };
		2649C8E721DDDC85003C88B4 /* SceneKit.scnassets */ = {isa = PBXFileReference; lastKnownFileType = wrapper.scnassets; path = SceneKit.scnassets; sourceTree = "<group>"; };
		26CAD5E321E126A5006063B5 /* Character.swift */ = {isa = PBXFileReference; lastKnownFileType = sourcecode.swift; path = Character.swift; sourceTree = "<group>"; };
		26DD72B321E00B93005B7AED /* CharacterInfo.sks */ = {isa = PBXFileReference; lastKnownFileType = file.sks; path = CharacterInfo.sks; sourceTree = "<group>"; };
		26DD72B521E015C4005B7AED /* StatsRound.sks */ = {isa = PBXFileReference; lastKnownFileType = file.sks; path = StatsRound.sks; sourceTree = "<group>"; };
		26DD72B721E01EBE005B7AED /* Stats.sks */ = {isa = PBXFileReference; lastKnownFileType = file.sks; path = Stats.sks; sourceTree = "<group>"; };
/* End PBXFileReference section */

/* Begin PBXFrameworksBuildPhase section */
		2649C8CD21DDDBB3003C88B4 /* Frameworks */ = {
			isa = PBXFrameworksBuildPhase;
			buildActionMask = 2147483647;
			files = (
			);
			runOnlyForDeploymentPostprocessing = 0;
		};
/* End PBXFrameworksBuildPhase section */

/* Begin PBXGroup section */
		2649C8C721DDDBB3003C88B4 = {
			isa = PBXGroup;
			children = (
				2649C8D221DDDBB3003C88B4 /* wARgaming */,
				2649C8D121DDDBB3003C88B4 /* Products */,
			);
			sourceTree = "<group>";
		};
		2649C8D121DDDBB3003C88B4 /* Products */ = {
			isa = PBXGroup;
			children = (
				2649C8D021DDDBB3003C88B4 /* wARgaming.app */,
			);
			name = Products;
			sourceTree = "<group>";
		};
		2649C8D221DDDBB3003C88B4 /* wARgaming */ = {
			isa = PBXGroup;
			children = (
				2649C8D321DDDBB3003C88B4 /* AppDelegate.swift */,
				2649C8D721DDDBB3003C88B4 /* ViewController.swift */,
				26CAD5E321E126A5006063B5 /* Character.swift */,
				2628425421FE4F19001F9F67 /* AttackView.swift */,
				2628425821FE62DA001F9F67 /* NibLoadable.swift */,
				26CAD5E521E12ADE006063B5 /* Resources */,
			);
			path = wARgaming;
			sourceTree = "<group>";
		};
		26CAD5E521E12ADE006063B5 /* Resources */ = {
			isa = PBXGroup;
			children = (
				2649C8D921DDDBB3003C88B4 /* Main.storyboard */,
				2628425621FE5C24001F9F67 /* AttackView.xib */,
				2649C8DC21DDDBB5003C88B4 /* Assets.xcassets */,
				2649C8DE21DDDBB5003C88B4 /* LaunchScreen.storyboard */,
				2649C8E121DDDBB5003C88B4 /* Info.plist */,
				2649C8E721DDDC85003C88B4 /* SceneKit.scnassets */,
				26DD72B321E00B93005B7AED /* CharacterInfo.sks */,
				26DD72B521E015C4005B7AED /* StatsRound.sks */,
				26DD72B721E01EBE005B7AED /* Stats.sks */,
			);
			path = Resources;
			sourceTree = "<group>";
		};
/* End PBXGroup section */

/* Begin PBXNativeTarget section */
		2649C8CF21DDDBB3003C88B4 /* wARgaming */ = {
			isa = PBXNativeTarget;
			buildConfigurationList = 2649C8E421DDDBB5003C88B4 /* Build configuration list for PBXNativeTarget "wARgaming" */;
			buildPhases = (
				2649C8CC21DDDBB3003C88B4 /* Sources */,
				2649C8CD21DDDBB3003C88B4 /* Frameworks */,
				2649C8CE21DDDBB3003C88B4 /* Resources */,
			);
			buildRules = (
			);
			dependencies = (
			);
			name = wARgaming;
			productName = wARgaming;
			productReference = 2649C8D021DDDBB3003C88B4 /* wARgaming.app */;
			productType = "com.apple.product-type.application";
		};
/* End PBXNativeTarget section */

/* Begin PBXProject section */
		2649C8C821DDDBB3003C88B4 /* Project object */ = {
			isa = PBXProject;
			attributes = {
				LastSwiftUpdateCheck = 1010;
				LastUpgradeCheck = 1010;
				ORGANIZATIONNAME = "Sebastian Nikles";
				TargetAttributes = {
					2649C8CF21DDDBB3003C88B4 = {
						CreatedOnToolsVersion = 10.1;
					};
				};
			};
			buildConfigurationList = 2649C8CB21DDDBB3003C88B4 /* Build configuration list for PBXProject "wARgaming" */;
			compatibilityVersion = "Xcode 9.3";
			developmentRegion = en;
			hasScannedForEncodings = 0;
			knownRegions = (
				en,
				Base,
			);
			mainGroup = 2649C8C721DDDBB3003C88B4;
			productRefGroup = 2649C8D121DDDBB3003C88B4 /* Products */;
			projectDirPath = "";
			projectRoot = "";
			targets = (
				2649C8CF21DDDBB3003C88B4 /* wARgaming */,
			);
		};
/* End PBXProject section */

/* Begin PBXResourcesBuildPhase section */
		2649C8CE21DDDBB3003C88B4 /* Resources */ = {
			isa = PBXResourcesBuildPhase;
			buildActionMask = 2147483647;
			files = (
				26DD72B421E00B93005B7AED /* CharacterInfo.sks in Resources */,
				2649C8E021DDDBB5003C88B4 /* LaunchScreen.storyboard in Resources */,
				2628425721FE5C24001F9F67 /* AttackView.xib in Resources */,
				2649C8E821DDDC85003C88B4 /* SceneKit.scnassets in Resources */,
				2649C8DD21DDDBB5003C88B4 /* Assets.xcassets in Resources */,
				26DD72B821E01EBE005B7AED /* Stats.sks in Resources */,
				2649C8DB21DDDBB3003C88B4 /* Main.storyboard in Resources */,
				26DD72B621E015C4005B7AED /* StatsRound.sks in Resources */,
			);
			runOnlyForDeploymentPostprocessing = 0;
		};
/* End PBXResourcesBuildPhase section */

/* Begin PBXSourcesBuildPhase section */
		2649C8CC21DDDBB3003C88B4 /* Sources */ = {
			isa = PBXSourcesBuildPhase;
			buildActionMask = 2147483647;
			files = (
				26CAD5E421E126A5006063B5 /* Character.swift in Sources */,
				2649C8D821DDDBB3003C88B4 /* ViewController.swift in Sources */,
				2628425521FE4F19001F9F67 /* AttackView.swift in Sources */,
				2628425921FE62DA001F9F67 /* NibLoadable.swift in Sources */,
				2649C8D421DDDBB3003C88B4 /* AppDelegate.swift in Sources */,
			);
			runOnlyForDeploymentPostprocessing = 0;
		};
/* End PBXSourcesBuildPhase section */

/* Begin PBXVariantGroup section */
		2649C8D921DDDBB3003C88B4 /* Main.storyboard */ = {
			isa = PBXVariantGroup;
			children = (
				2649C8DA21DDDBB3003C88B4 /* Base */,
			);
			name = Main.storyboard;
			sourceTree = "<group>";
		};
		2649C8DE21DDDBB5003C88B4 /* LaunchScreen.storyboard */ = {
			isa = PBXVariantGroup;
			children = (
				2649C8DF21DDDBB5003C88B4 /* Base */,
			);
			name = LaunchScreen.storyboard;
			sourceTree = "<group>";
		};
/* End PBXVariantGroup section */

/* Begin XCBuildConfiguration section */
		2649C8E221DDDBB5003C88B4 /* Debug */ = {
			isa = XCBuildConfiguration;
			buildSettings = {
				ALWAYS_SEARCH_USER_PATHS = NO;
				CLANG_ANALYZER_NONNULL = YES;
				CLANG_ANALYZER_NUMBER_OBJECT_CONVERSION = YES_AGGRESSIVE;
				CLANG_CXX_LANGUAGE_STANDARD = "gnu++14";
				CLANG_CXX_LIBRARY = "libc++";
				CLANG_ENABLE_MODULES = YES;
				CLANG_ENABLE_OBJC_ARC = YES;
				CLANG_ENABLE_OBJC_WEAK = YES;
				CLANG_WARN_BLOCK_CAPTURE_AUTORELEASING = YES;
				CLANG_WARN_BOOL_CONVERSION = YES;
				CLANG_WARN_COMMA = YES;
				CLANG_WARN_CONSTANT_CONVERSION = YES;
				CLANG_WARN_DEPRECATED_OBJC_IMPLEMENTATIONS = YES;
				CLANG_WARN_DIRECT_OBJC_ISA_USAGE = YES_ERROR;
				CLANG_WARN_DOCUMENTATION_COMMENTS = YES;
				CLANG_WARN_EMPTY_BODY = YES;
				CLANG_WARN_ENUM_CONVERSION = YES;
				CLANG_WARN_INFINITE_RECURSION = YES;
				CLANG_WARN_INT_CONVERSION = YES;
				CLANG_WARN_NON_LITERAL_NULL_CONVERSION = YES;
				CLANG_WARN_OBJC_IMPLICIT_RETAIN_SELF = YES;
				CLANG_WARN_OBJC_LITERAL_CONVERSION = YES;
				CLANG_WARN_OBJC_ROOT_CLASS = YES_ERROR;
				CLANG_WARN_RANGE_LOOP_ANALYSIS = YES;
				CLANG_WARN_STRICT_PROTOTYPES = YES;
				CLANG_WARN_SUSPICIOUS_MOVE = YES;
				CLANG_WARN_UNGUARDED_AVAILABILITY = YES_AGGRESSIVE;
				CLANG_WARN_UNREACHABLE_CODE = YES;
				CLANG_WARN__DUPLICATE_METHOD_MATCH = YES;
				CODE_SIGN_IDENTITY = "iPhone Developer";
				COPY_PHASE_STRIP = NO;
				DEBUG_INFORMATION_FORMAT = dwarf;
				ENABLE_STRICT_OBJC_MSGSEND = YES;
				ENABLE_TESTABILITY = YES;
				GCC_C_LANGUAGE_STANDARD = gnu11;
				GCC_DYNAMIC_NO_PIC = NO;
				GCC_NO_COMMON_BLOCKS = YES;
				GCC_OPTIMIZATION_LEVEL = 0;
				GCC_PREPROCESSOR_DEFINITIONS = (
					"DEBUG=1",
					"$(inherited)",
				);
				GCC_WARN_64_TO_32_BIT_CONVERSION = YES;
				GCC_WARN_ABOUT_RETURN_TYPE = YES_ERROR;
				GCC_WARN_UNDECLARED_SELECTOR = YES;
				GCC_WARN_UNINITIALIZED_AUTOS = YES_AGGRESSIVE;
				GCC_WARN_UNUSED_FUNCTION = YES;
				GCC_WARN_UNUSED_VARIABLE = YES;
				IPHONEOS_DEPLOYMENT_TARGET = 12.1;
				MTL_ENABLE_DEBUG_INFO = INCLUDE_SOURCE;
				MTL_FAST_MATH = YES;
				ONLY_ACTIVE_ARCH = YES;
				SDKROOT = iphoneos;
				SWIFT_ACTIVE_COMPILATION_CONDITIONS = DEBUG;
				SWIFT_OPTIMIZATION_LEVEL = "-Onone";
			};
			name = Debug;
		};
		2649C8E321DDDBB5003C88B4 /* Release */ = {
			isa = XCBuildConfiguration;
			buildSettings = {
				ALWAYS_SEARCH_USER_PATHS = NO;
				CLANG_ANALYZER_NONNULL = YES;
				CLANG_ANALYZER_NUMBER_OBJECT_CONVERSION = YES_AGGRESSIVE;
				CLANG_CXX_LANGUAGE_STANDARD = "gnu++14";
				CLANG_CXX_LIBRARY = "libc++";
				CLANG_ENABLE_MODULES = YES;
				CLANG_ENABLE_OBJC_ARC = YES;
				CLANG_ENABLE_OBJC_WEAK = YES;
				CLANG_WARN_BLOCK_CAPTURE_AUTORELEASING = YES;
				CLANG_WARN_BOOL_CONVERSION = YES;
				CLANG_WARN_COMMA = YES;
				CLANG_WARN_CONSTANT_CONVERSION = YES;
				CLANG_WARN_DEPRECATED_OBJC_IMPLEMENTATIONS = YES;
				CLANG_WARN_DIRECT_OBJC_ISA_USAGE = YES_ERROR;
				CLANG_WARN_DOCUMENTATION_COMMENTS = YES;
				CLANG_WARN_EMPTY_BODY = YES;
				CLANG_WARN_ENUM_CONVERSION = YES;
				CLANG_WARN_INFINITE_RECURSION = YES;
				CLANG_WARN_INT_CONVERSION = YES;
				CLANG_WARN_NON_LITERAL_NULL_CONVERSION = YES;
				CLANG_WARN_OBJC_IMPLICIT_RETAIN_SELF = YES;
				CLANG_WARN_OBJC_LITERAL_CONVERSION = YES;
				CLANG_WARN_OBJC_ROOT_CLASS = YES_ERROR;
				CLANG_WARN_RANGE_LOOP_ANALYSIS = YES;
				CLANG_WARN_STRICT_PROTOTYPES = YES;
				CLANG_WARN_SUSPICIOUS_MOVE = YES;
				CLANG_WARN_UNGUARDED_AVAILABILITY = YES_AGGRESSIVE;
				CLANG_WARN_UNREACHABLE_CODE = YES;
				CLANG_WARN__DUPLICATE_METHOD_MATCH = YES;
				CODE_SIGN_IDENTITY = "iPhone Developer";
				COPY_PHASE_STRIP = NO;
				DEBUG_INFORMATION_FORMAT = "dwarf-with-dsym";
				ENABLE_NS_ASSERTIONS = NO;
				ENABLE_STRICT_OBJC_MSGSEND = YES;
				GCC_C_LANGUAGE_STANDARD = gnu11;
				GCC_NO_COMMON_BLOCKS = YES;
				GCC_WARN_64_TO_32_BIT_CONVERSION = YES;
				GCC_WARN_ABOUT_RETURN_TYPE = YES_ERROR;
				GCC_WARN_UNDECLARED_SELECTOR = YES;
				GCC_WARN_UNINITIALIZED_AUTOS = YES_AGGRESSIVE;
				GCC_WARN_UNUSED_FUNCTION = YES;
				GCC_WARN_UNUSED_VARIABLE = YES;
				IPHONEOS_DEPLOYMENT_TARGET = 12.1;
				MTL_ENABLE_DEBUG_INFO = NO;
				MTL_FAST_MATH = YES;
				SDKROOT = iphoneos;
				SWIFT_COMPILATION_MODE = wholemodule;
				SWIFT_OPTIMIZATION_LEVEL = "-O";
				VALIDATE_PRODUCT = YES;
			};
			name = Release;
		};
		2649C8E521DDDBB5003C88B4 /* Debug */ = {
			isa = XCBuildConfiguration;
			buildSettings = {
				ASSETCATALOG_COMPILER_APPICON_NAME = AppIcon;
				CODE_SIGN_STYLE = Automatic;
				DEVELOPMENT_TEAM = U6X59V8BW4;
				INFOPLIST_FILE = "$(SRCROOT)/wARgaming/Resources/Info.plist";
				LD_RUNPATH_SEARCH_PATHS = (
					"$(inherited)",
					"@executable_path/Frameworks",
				);
				PRODUCT_BUNDLE_IDENTIFIER = de.nikles.wARgaming;
				PRODUCT_NAME = "$(TARGET_NAME)";
				SWIFT_VERSION = 4.2;
				TARGETED_DEVICE_FAMILY = "1,2";
			};
			name = Debug;
		};
		2649C8E621DDDBB5003C88B4 /* Release */ = {
			isa = XCBuildConfiguration;
			buildSettings = {
				ASSETCATALOG_COMPILER_APPICON_NAME = AppIcon;
				CODE_SIGN_STYLE = Automatic;
				DEVELOPMENT_TEAM = U6X59V8BW4;
				INFOPLIST_FILE = "$(SRCROOT)/wARgaming/Resources/Info.plist";
				LD_RUNPATH_SEARCH_PATHS = (
					"$(inherited)",
					"@executable_path/Frameworks",
				);
				PRODUCT_BUNDLE_IDENTIFIER = de.nikles.wARgaming;
				PRODUCT_NAME = "$(TARGET_NAME)";
				SWIFT_VERSION = 4.2;
				TARGETED_DEVICE_FAMILY = "1,2";
			};
			name = Release;
		};
/* End XCBuildConfiguration section */

/* Begin XCConfigurationList section */
		2649C8CB21DDDBB3003C88B4 /* Build configuration list for PBXProject "wARgaming" */ = {
			isa = XCConfigurationList;
			buildConfigurations = (
				2649C8E221DDDBB5003C88B4 /* Debug */,
				2649C8E321DDDBB5003C88B4 /* Release */,
			);
			defaultConfigurationIsVisible = 0;
			defaultConfigurationName = Release;
		};
		2649C8E421DDDBB5003C88B4 /* Build configuration list for PBXNativeTarget "wARgaming" */ = {
			isa = XCConfigurationList;
			buildConfigurations = (
				2649C8E521DDDBB5003C88B4 /* Debug */,
				2649C8E621DDDBB5003C88B4 /* Release */,
			);
			defaultConfigurationIsVisible = 0;
			defaultConfigurationName = Release;
		};
/* End XCConfigurationList section */
	};
	rootObject = 2649C8C821DDDBB3003C88B4 /* Project object */;
}
